
Microsoft Visual Studio Solution File, Format Version 12.00
# Visual Studio 2013
VisualStudioVersion = 12.0.40629.0
MinimumVisualStudioVersion = 10.0.40219.1
Project("{FAE04EC0-301F-11D3-BF4B-00C04F79EFBC}") = "XCYN.Service", "XCYN.Service\XCYN.Service.csproj", "{275EF310-C8B8-40F5-8BAD-3A077EB311CC}"
EndProject
Project("{FAE04EC0-301F-11D3-BF4B-00C04F79EFBC}") = "XCYN.EF", "XCYN.EF\XCYN.EF.csproj", "{18D8F431-ECD0-4A28-99F3-6D15610DC736}"
EndProject
Project("{FAE04EC0-301F-11D3-BF4B-00C04F79EFBC}") = "XCYN.WS", "XCYN.WS\XCYN.WS.csproj", "{735861D5-7E50-4DD3-83FA-FD851D9591DF}"
EndProject
Project("{FAE04EC0-301F-11D3-BF4B-00C04F79EFBC}") = "XCYN.EasyUI", "XCYN.EasyUI\XCYN.EasyUI.csproj", "{0A216883-62CB-45DA-A76F-F6E419AAAA9D}"
EndProject
Project("{FAE04EC0-301F-11D3-BF4B-00C04F79EFBC}") = "XCYN.WS.APP", "XCYN.WS.APP\XCYN.WS.APP.csproj", "{85B6EA28-63A0-479D-88C2-41E46ED2E6DA}"
EndProject
Project("{FAE04EC0-301F-11D3-BF4B-00C04F79EFBC}") = "XCYN.Common", "XCYN.Common\XCYN.Common.csproj", "{B3C9D415-A7E9-4884-A908-434B9404F696}"
EndProject
Project("{FAE04EC0-301F-11D3-BF4B-00C04F79EFBC}") = "XCYN.Test", "XCYN.Test\XCYN.Test.csproj", "{98269044-7AC6-4103-9855-0A7C34228F4E}"
EndProject
Project("{FAE04EC0-301F-11D3-BF4B-00C04F79EFBC}") = "XCYN.Knockout", "XCYN.Knockout\XCYN.Knockout.csproj", "{58595CCC-358C-492B-AB5E-085D1FC6C5E7}"
EndProject
Project("{FAE04EC0-301F-11D3-BF4B-00C04F79EFBC}") = "XCYN.Print", "XCYN.Print\XCYN.Print.csproj", "{B381793E-9506-4A79-84BE-91C070AFEDDC}"
EndProject
Project("{FAE04EC0-301F-11D3-BF4B-00C04F79EFBC}") = "XCYN.Web", "XCYN.Web\XCYN.Web.csproj", "{E9487C4C-F0D4-4F61-9E0B-C05F940C6636}"
EndProject
Global
	GlobalSection(SolutionConfigurationPlatforms) = preSolution
		Debug|Any CPU = Debug|Any CPU
		Debug|x64 = Debug|x64
		Release|Any CPU = Release|Any CPU
		Release|x64 = Release|x64
	EndGlobalSection
	GlobalSection(ProjectConfigurationPlatforms) = postSolution
		{275EF310-C8B8-40F5-8BAD-3A077EB311CC}.Debug|Any CPU.ActiveCfg = Debug|Any CPU
		{275EF310-C8B8-40F5-8BAD-3A077EB311CC}.Debug|Any CPU.Build.0 = Debug|Any CPU
		{275EF310-C8B8-40F5-8BAD-3A077EB311CC}.Debug|x64.ActiveCfg = Debug|Any CPU
		{275EF310-C8B8-40F5-8BAD-3A077EB311CC}.Debug|x64.Build.0 = Debug|Any CPU
		{275EF310-C8B8-40F5-8BAD-3A077EB311CC}.Release|Any CPU.ActiveCfg = Release|Any CPU
		{275EF310-C8B8-40F5-8BAD-3A077EB311CC}.Release|Any CPU.Build.0 = Release|Any CPU
		{275EF310-C8B8-40F5-8BAD-3A077EB311CC}.Release|x64.ActiveCfg = Release|Any CPU
		{275EF310-C8B8-40F5-8BAD-3A077EB311CC}.Release|x64.Build.0 = Release|Any CPU
		{18D8F431-ECD0-4A28-99F3-6D15610DC736}.Debug|Any CPU.ActiveCfg = Debug|Any CPU
		{18D8F431-ECD0-4A28-99F3-6D15610DC736}.Debug|Any CPU.Build.0 = Debug|Any CPU
		{18D8F431-ECD0-4A28-99F3-6D15610DC736}.Debug|x64.ActiveCfg = Debug|x64
		{18D8F431-ECD0-4A28-99F3-6D15610DC736}.Debug|x64.Build.0 = Debug|x64
		{18D8F431-ECD0-4A28-99F3-6D15610DC736}.Release|Any CPU.ActiveCfg = Release|Any CPU
		{18D8F431-ECD0-4A28-99F3-6D15610DC736}.Release|Any CPU.Build.0 = Release|Any CPU
		{18D8F431-ECD0-4A28-99F3-6D15610DC736}.Release|x64.ActiveCfg = Release|x64
		{18D8F431-ECD0-4A28-99F3-6D15610DC736}.Release|x64.Build.0 = Release|x64
		{735861D5-7E50-4DD3-83FA-FD851D9591DF}.Debug|Any CPU.ActiveCfg = Debug|Any CPU
		{735861D5-7E50-4DD3-83FA-FD851D9591DF}.Debug|Any CPU.Build.0 = Debug|Any CPU
		{735861D5-7E50-4DD3-83FA-FD851D9591DF}.Debug|x64.ActiveCfg = Debug|Any CPU
		{735861D5-7E50-4DD3-83FA-FD851D9591DF}.Debug|x64.Build.0 = Debug|Any CPU
		{735861D5-7E50-4DD3-83FA-FD851D9591DF}.Release|Any CPU.ActiveCfg = Release|Any CPU
		{735861D5-7E50-4DD3-83FA-FD851D9591DF}.Release|Any CPU.Build.0 = Release|Any CPU
		{735861D5-7E50-4DD3-83FA-FD851D9591DF}.Release|x64.ActiveCfg = Release|Any CPU
		{735861D5-7E50-4DD3-83FA-FD851D9591DF}.Release|x64.Build.0 = Release|Any CPU
		{0A216883-62CB-45DA-A76F-F6E419AAAA9D}.Debug|Any CPU.ActiveCfg = Debug|Any CPU
		{0A216883-62CB-45DA-A76F-F6E419AAAA9D}.Debug|Any CPU.Build.0 = Debug|Any CPU
		{0A216883-62CB-45DA-A76F-F6E419AAAA9D}.Debug|x64.ActiveCfg = Debug|Any CPU
		{0A216883-62CB-45DA-A76F-F6E419AAAA9D}.Debug|x64.Build.0 = Debug|Any CPU
		{0A216883-62CB-45DA-A76F-F6E419AAAA9D}.Release|Any CPU.ActiveCfg = Release|Any CPU
		{0A216883-62CB-45DA-A76F-F6E419AAAA9D}.Release|Any CPU.Build.0 = Release|Any CPU
		{0A216883-62CB-45DA-A76F-F6E419AAAA9D}.Release|x64.ActiveCfg = Release|Any CPU
		{0A216883-62CB-45DA-A76F-F6E419AAAA9D}.Release|x64.Build.0 = Release|Any CPU
		{85B6EA28-63A0-479D-88C2-41E46ED2E6DA}.Debug|Any CPU.ActiveCfg = Debug|Any CPU
		{85B6EA28-63A0-479D-88C2-41E46ED2E6DA}.Debug|Any CPU.Build.0 = Debug|Any CPU
		{85B6EA28-63A0-479D-88C2-41E46ED2E6DA}.Debug|x64.ActiveCfg = Debug|Any CPU
		{85B6EA28-63A0-479D-88C2-41E46ED2E6DA}.Debug|x64.Build.0 = Debug|Any CPU
		{85B6EA28-63A0-479D-88C2-41E46ED2E6DA}.Release|Any CPU.ActiveCfg = Release|Any CPU
		{85B6EA28-63A0-479D-88C2-41E46ED2E6DA}.Release|Any CPU.Build.0 = Release|Any CPU
		{85B6EA28-63A0-479D-88C2-41E46ED2E6DA}.Release|x64.ActiveCfg = Release|Any CPU
		{85B6EA28-63A0-479D-88C2-41E46ED2E6DA}.Release|x64.Build.0 = Release|Any CPU
		{B3C9D415-A7E9-4884-A908-434B9404F696}.Debug|Any CPU.ActiveCfg = Debug|Any CPU
		{B3C9D415-A7E9-4884-A908-434B9404F696}.Debug|Any CPU.Build.0 = Debug|Any CPU
		{B3C9D415-A7E9-4884-A908-434B9404F696}.Debug|x64.ActiveCfg = Debug|Any CPU
		{B3C9D415-A7E9-4884-A908-434B9404F696}.Debug|x64.Build.0 = Debug|Any CPU
		{B3C9D415-A7E9-4884-A908-434B9404F696}.Release|Any CPU.ActiveCfg = Release|Any CPU
		{B3C9D415-A7E9-4884-A908-434B9404F696}.Release|Any CPU.Build.0 = Release|Any CPU
		{B3C9D415-A7E9-4884-A908-434B9404F696}.Release|x64.ActiveCfg = Release|Any CPU
		{B3C9D415-A7E9-4884-A908-434B9404F696}.Release|x64.Build.0 = Release|Any CPU
		{98269044-7AC6-4103-9855-0A7C34228F4E}.Debug|Any CPU.ActiveCfg = Debug|Any CPU
		{98269044-7AC6-4103-9855-0A7C34228F4E}.Debug|Any CPU.Build.0 = Debug|Any CPU
		{98269044-7AC6-4103-9855-0A7C34228F4E}.Debug|x64.ActiveCfg = Debug|Any CPU
		{98269044-7AC6-4103-9855-0A7C34228F4E}.Debug|x64.Build.0 = Debug|Any CPU
		{98269044-7AC6-4103-9855-0A7C34228F4E}.Release|Any CPU.ActiveCfg = Release|Any CPU
		{98269044-7AC6-4103-9855-0A7C34228F4E}.Release|Any CPU.Build.0 = Release|Any CPU
		{98269044-7AC6-4103-9855-0A7C34228F4E}.Release|x64.ActiveCfg = Release|Any CPU
		{98269044-7AC6-4103-9855-0A7C34228F4E}.Release|x64.Build.0 = Release|Any CPU
		{58595CCC-358C-492B-AB5E-085D1FC6C5E7}.Debug|Any CPU.ActiveCfg = Debug|Any CPU
		{58595CCC-358C-492B-AB5E-085D1FC6C5E7}.Debug|Any CPU.Build.0 = Debug|Any CPU
		{58595CCC-358C-492B-AB5E-085D1FC6C5E7}.Debug|x64.ActiveCfg = Debug|Any CPU
		{58595CCC-358C-492B-AB5E-085D1FC6C5E7}.Debug|x64.Build.0 = Debug|Any CPU
		{58595CCC-358C-492B-AB5E-085D1FC6C5E7}.Release|Any CPU.ActiveCfg = Release|Any CPU
		{58595CCC-358C-492B-AB5E-085D1FC6C5E7}.Release|Any CPU.Build.0 = Release|Any CPU
		{58595CCC-358C-492B-AB5E-085D1FC6C5E7}.Release|x64.ActiveCfg = Release|Any CPU
		{58595CCC-358C-492B-AB5E-085D1FC6C5E7}.Release|x64.Build.0 = Release|Any CPU
		{B381793E-9506-4A79-84BE-91C070AFEDDC}.Debug|Any CPU.ActiveCfg = Debug|Any CPU
		{B381793E-9506-4A79-84BE-91C070AFEDDC}.Debug|Any CPU.Build.0 = Debug|Any CPU
		{B381793E-9506-4A79-84BE-91C070AFEDDC}.Debug|x64.ActiveCfg = Debug|Any CPU
		{B381793E-9506-4A79-84BE-91C070AFEDDC}.Debug|x64.Build.0 = Debug|Any CPU
		{B381793E-9506-4A79-84BE-91C070AFEDDC}.Release|Any CPU.ActiveCfg = Release|Any CPU
		{B381793E-9506-4A79-84BE-91C070AFEDDC}.Release|Any CPU.Build.0 = Release|Any CPU
		{B381793E-9506-4A79-84BE-91C070AFEDDC}.Release|x64.ActiveCfg = Release|Any CPU
		{B381793E-9506-4A79-84BE-91C070AFEDDC}.Release|x64.Build.0 = Release|Any CPU
		{E9487C4C-F0D4-4F61-9E0B-C05F940C6636}.Debug|Any CPU.ActiveCfg = Debug|Any CPU
		{E9487C4C-F0D4-4F61-9E0B-C05F940C6636}.Debug|Any CPU.Build.0 = Debug|Any CPU
		{E9487C4C-F0D4-4F61-9E0B-C05F940C6636}.Debug|x64.ActiveCfg = Debug|Any CPU
		{E9487C4C-F0D4-4F61-9E0B-C05F940C6636}.Release|Any CPU.ActiveCfg = Release|Any CPU
		{E9487C4C-F0D4-4F61-9E0B-C05F940C6636}.Release|Any CPU.Build.0 = Release|Any CPU
		{E9487C4C-F0D4-4F61-9E0B-C05F940C6636}.Release|x64.ActiveCfg = Release|Any CPU
	EndGlobalSection
	GlobalSection(SolutionProperties) = preSolution
		HideSolutionNode = FALSE
	EndGlobalSection
EndGlobal
