
Microsoft Visual Studio Solution File, Format Version 12.00
# Visual Studio Version 17
VisualStudioVersion = 17.9.34728.123
MinimumVisualStudioVersion = 10.0.40219.1
Project("{FAE04EC0-301F-11D3-BF4B-00C04F79EFBC}") = "XCYN.WS", "XCYN.WS\XCYN.WS.csproj", "{735861D5-7E50-4DD3-83FA-FD851D9591DF}"
EndProject
Project("{FAE04EC0-301F-11D3-BF4B-00C04F79EFBC}") = "XCYN.WS.APP", "XCYN.WS.APP\XCYN.WS.APP.csproj", "{85B6EA28-63A0-479D-88C2-41E46ED2E6DA}"
EndProject
Project("{FAE04EC0-301F-11D3-BF4B-00C04F79EFBC}") = "XCYN.Test", "XCYN.Test\XCYN.Test.csproj", "{98269044-7AC6-4103-9855-0A7C34228F4E}"
EndProject
Project("{FAE04EC0-301F-11D3-BF4B-00C04F79EFBC}") = "XCYN.Print", "XCYN.Print\XCYN.Print.csproj", "{B381793E-9506-4A79-84BE-91C070AFEDDC}"
EndProject
Project("{FAE04EC0-301F-11D3-BF4B-00C04F79EFBC}") = "XCYN.Web", "XCYN.Web\XCYN.Web.csproj", "{E9487C4C-F0D4-4F61-9E0B-C05F940C6636}"
EndProject
Project("{FAE04EC0-301F-11D3-BF4B-00C04F79EFBC}") = "XCYN.Common", "XCYN.Common\XCYN.Common.csproj", "{B3C9D415-A7E9-4884-A908-434B9404F696}"
EndProject
Project("{FAE04EC0-301F-11D3-BF4B-00C04F79EFBC}") = "XCYN.Winform", "XCYN.Winform\XCYN.Winform.csproj", "{2077EE5A-7110-40DE-B9E5-3505C111AA4A}"
EndProject
Project("{FAE04EC0-301F-11D3-BF4B-00C04F79EFBC}") = "XCYN.WPF", "XCYN.WPF\XCYN.WPF.csproj", "{B92F774E-08D1-49C7-B032-B6EBEF0E577D}"
EndProject
Project("{FAE04EC0-301F-11D3-BF4B-00C04F79EFBC}") = "XCYN.WebApi", "XCYN.WebApi\XCYN.WebApi.csproj", "{EB50C3C5-2371-45A2-8D9D-2489B3457018}"
EndProject
Project("{FAE04EC0-301F-11D3-BF4B-00C04F79EFBC}") = "XCYN.MVC", "XCYN.MVC\XCYN.MVC.csproj", "{264A3216-740E-4E8B-98F2-31190547E986}"
EndProject
Project("{2150E333-8FDC-42A3-9474-1A3956D46DE8}") = "MVC", "MVC", "{53995F50-D04E-4522-B1E6-6A204E647631}"
EndProject
Project("{FAE04EC0-301F-11D3-BF4B-00C04F79EFBC}") = "XCYN.Filter", "XCYN.Filter\XCYN.Filter.csproj", "{D73D436A-D6F4-4036-967F-1389C149F957}"
EndProject
Project("{FAE04EC0-301F-11D3-BF4B-00C04F79EFBC}") = "XCYN.ViewEngine", "XCYN.ViewEngine\XCYN.ViewEngine.csproj", "{FAB53E89-6605-42F3-AB3D-FA39FF8C2B7F}"
EndProject
Project("{2150E333-8FDC-42A3-9474-1A3956D46DE8}") = "Service", "Service", "{E4F3E6D7-B74F-40D2-80F9-D42F277ECA7E}"
EndProject
Project("{FAE04EC0-301F-11D3-BF4B-00C04F79EFBC}") = "XCYN.Service.Library", "XCYN.Service.Library\XCYN.Service.Library.csproj", "{6697FCF0-E5C7-4E61-9AAD-45471D77D13C}"
EndProject
Project("{FAE04EC0-301F-11D3-BF4B-00C04F79EFBC}") = "XCYN.Service.Server", "XCYN.Service.Server\XCYN.Service.Server.csproj", "{610EE41D-8FB6-4375-A917-1B9912C4C4AB}"
EndProject
Project("{FAE04EC0-301F-11D3-BF4B-00C04F79EFBC}") = "XCYN.Service.Client", "XCYN.Service.Client\XCYN.Service.Client.csproj", "{122F0B8A-0FF5-4F69-A9AB-B6D594BD22BB}"
EndProject
Project("{FAE04EC0-301F-11D3-BF4B-00C04F79EFBC}") = "XCYN.Service.WinClient", "XCYN.Service.WinClient\XCYN.Service.WinClient.csproj", "{74A90C93-BE76-473A-9A16-0D29A68D7539}"
EndProject
Project("{8BC9CEB8-8B4A-11D0-8D11-00A0C91BC942}") = "XCYN.C", "XCYN.C\XCYN.C.vcxproj", "{82E20618-28E0-46F7-AD62-BEC073ED1D4C}"
EndProject
Project("{8BC9CEB8-8B4A-11D0-8D11-00A0C91BC942}") = "XCYN.CPLUS", "XCYN.CPLUS\XCYN.CPLUS.vcxproj", "{964BC71D-7615-4A8B-81A8-6CE91659244B}"
EndProject
Project("{FAE04EC0-301F-11D3-BF4B-00C04F79EFBC}") = "XCYN.MVC202406", "XCYN.MVC202406\XCYN.MVC202406.csproj", "{A11D2A87-9D28-4936-955F-BD5BDBB5D64F}"
EndProject
Project("{2150E333-8FDC-42A3-9474-1A3956D46DE8}") = "Nancy", "Nancy", "{291F2477-7465-4F57-B818-420249BDA713}"
EndProject
Project("{FAE04EC0-301F-11D3-BF4B-00C04F79EFBC}") = "XCYN.WebApi.Nancy", "XCYN.WebApi.Nancy\XCYN.WebApi.Nancy.csproj", "{886A0538-9585-42C7-A72F-DA89E62A4EED}"
EndProject
Project("{FAE04EC0-301F-11D3-BF4B-00C04F79EFBC}") = "XCYN.WindowsService", "XCYN.WindowsService\XCYN.WindowsService.csproj", "{5401D4A2-C914-4742-8BE2-AF8F2A61FA59}"
EndProject
Project("{FAE04EC0-301F-11D3-BF4B-00C04F79EFBC}") = "XCYN.WinformX64", "XCYN.WinformX64\XCYN.WinformX64.csproj", "{AE6D6F08-F853-4811-B58C-FB7E4B882BDD}"
EndProject
Project("{FAE04EC0-301F-11D3-BF4B-00C04F79EFBC}") = "XCYN.ML", "XCYN.ML\XCYN.ML.csproj", "{686BB2DF-CA42-45F7-B68F-992FB5F1ACFD}"
EndProject
Global
	GlobalSection(SolutionConfigurationPlatforms) = preSolution
		Debug|Any CPU = Debug|Any CPU
		Debug|x64 = Debug|x64
		Debug|x86 = Debug|x86
		Release|Any CPU = Release|Any CPU
		Release|x64 = Release|x64
		Release|x86 = Release|x86
	EndGlobalSection
	GlobalSection(ProjectConfigurationPlatforms) = postSolution
		{735861D5-7E50-4DD3-83FA-FD851D9591DF}.Debug|Any CPU.ActiveCfg = Debug|Any CPU
		{735861D5-7E50-4DD3-83FA-FD851D9591DF}.Debug|Any CPU.Build.0 = Debug|Any CPU
		{735861D5-7E50-4DD3-83FA-FD851D9591DF}.Debug|x64.ActiveCfg = Debug|Any CPU
		{735861D5-7E50-4DD3-83FA-FD851D9591DF}.Debug|x64.Build.0 = Debug|Any CPU
		{735861D5-7E50-4DD3-83FA-FD851D9591DF}.Debug|x86.ActiveCfg = Debug|Any CPU
		{735861D5-7E50-4DD3-83FA-FD851D9591DF}.Debug|x86.Build.0 = Debug|Any CPU
		{735861D5-7E50-4DD3-83FA-FD851D9591DF}.Release|Any CPU.ActiveCfg = Release|Any CPU
		{735861D5-7E50-4DD3-83FA-FD851D9591DF}.Release|Any CPU.Build.0 = Release|Any CPU
		{735861D5-7E50-4DD3-83FA-FD851D9591DF}.Release|x64.ActiveCfg = Release|Any CPU
		{735861D5-7E50-4DD3-83FA-FD851D9591DF}.Release|x64.Build.0 = Release|Any CPU
		{735861D5-7E50-4DD3-83FA-FD851D9591DF}.Release|x86.ActiveCfg = Release|Any CPU
		{735861D5-7E50-4DD3-83FA-FD851D9591DF}.Release|x86.Build.0 = Release|Any CPU
		{85B6EA28-63A0-479D-88C2-41E46ED2E6DA}.Debug|Any CPU.ActiveCfg = Debug|Any CPU
		{85B6EA28-63A0-479D-88C2-41E46ED2E6DA}.Debug|Any CPU.Build.0 = Debug|Any CPU
		{85B6EA28-63A0-479D-88C2-41E46ED2E6DA}.Debug|x64.ActiveCfg = Debug|Any CPU
		{85B6EA28-63A0-479D-88C2-41E46ED2E6DA}.Debug|x64.Build.0 = Debug|Any CPU
		{85B6EA28-63A0-479D-88C2-41E46ED2E6DA}.Debug|x86.ActiveCfg = Debug|Any CPU
		{85B6EA28-63A0-479D-88C2-41E46ED2E6DA}.Debug|x86.Build.0 = Debug|Any CPU
		{85B6EA28-63A0-479D-88C2-41E46ED2E6DA}.Release|Any CPU.ActiveCfg = Release|Any CPU
		{85B6EA28-63A0-479D-88C2-41E46ED2E6DA}.Release|Any CPU.Build.0 = Release|Any CPU
		{85B6EA28-63A0-479D-88C2-41E46ED2E6DA}.Release|x64.ActiveCfg = Release|Any CPU
		{85B6EA28-63A0-479D-88C2-41E46ED2E6DA}.Release|x64.Build.0 = Release|Any CPU
		{85B6EA28-63A0-479D-88C2-41E46ED2E6DA}.Release|x86.ActiveCfg = Release|Any CPU
		{85B6EA28-63A0-479D-88C2-41E46ED2E6DA}.Release|x86.Build.0 = Release|Any CPU
		{98269044-7AC6-4103-9855-0A7C34228F4E}.Debug|Any CPU.ActiveCfg = Debug|Any CPU
		{98269044-7AC6-4103-9855-0A7C34228F4E}.Debug|Any CPU.Build.0 = Debug|Any CPU
		{98269044-7AC6-4103-9855-0A7C34228F4E}.Debug|x64.ActiveCfg = Debug|Any CPU
		{98269044-7AC6-4103-9855-0A7C34228F4E}.Debug|x64.Build.0 = Debug|Any CPU
		{98269044-7AC6-4103-9855-0A7C34228F4E}.Debug|x86.ActiveCfg = Debug|Any CPU
		{98269044-7AC6-4103-9855-0A7C34228F4E}.Debug|x86.Build.0 = Debug|Any CPU
		{98269044-7AC6-4103-9855-0A7C34228F4E}.Release|Any CPU.ActiveCfg = Release|Any CPU
		{98269044-7AC6-4103-9855-0A7C34228F4E}.Release|Any CPU.Build.0 = Release|Any CPU
		{98269044-7AC6-4103-9855-0A7C34228F4E}.Release|x64.ActiveCfg = Release|Any CPU
		{98269044-7AC6-4103-9855-0A7C34228F4E}.Release|x64.Build.0 = Release|Any CPU
		{98269044-7AC6-4103-9855-0A7C34228F4E}.Release|x86.ActiveCfg = Release|Any CPU
		{98269044-7AC6-4103-9855-0A7C34228F4E}.Release|x86.Build.0 = Release|Any CPU
		{B381793E-9506-4A79-84BE-91C070AFEDDC}.Debug|Any CPU.ActiveCfg = Debug|Any CPU
		{B381793E-9506-4A79-84BE-91C070AFEDDC}.Debug|Any CPU.Build.0 = Debug|Any CPU
		{B381793E-9506-4A79-84BE-91C070AFEDDC}.Debug|x64.ActiveCfg = Debug|Any CPU
		{B381793E-9506-4A79-84BE-91C070AFEDDC}.Debug|x64.Build.0 = Debug|Any CPU
		{B381793E-9506-4A79-84BE-91C070AFEDDC}.Debug|x86.ActiveCfg = Debug|Any CPU
		{B381793E-9506-4A79-84BE-91C070AFEDDC}.Debug|x86.Build.0 = Debug|Any CPU
		{B381793E-9506-4A79-84BE-91C070AFEDDC}.Release|Any CPU.ActiveCfg = Release|Any CPU
		{B381793E-9506-4A79-84BE-91C070AFEDDC}.Release|Any CPU.Build.0 = Release|Any CPU
		{B381793E-9506-4A79-84BE-91C070AFEDDC}.Release|x64.ActiveCfg = Release|Any CPU
		{B381793E-9506-4A79-84BE-91C070AFEDDC}.Release|x64.Build.0 = Release|Any CPU
		{B381793E-9506-4A79-84BE-91C070AFEDDC}.Release|x86.ActiveCfg = Release|Any CPU
		{B381793E-9506-4A79-84BE-91C070AFEDDC}.Release|x86.Build.0 = Release|Any CPU
		{E9487C4C-F0D4-4F61-9E0B-C05F940C6636}.Debug|Any CPU.ActiveCfg = Debug|Any CPU
		{E9487C4C-F0D4-4F61-9E0B-C05F940C6636}.Debug|Any CPU.Build.0 = Debug|Any CPU
		{E9487C4C-F0D4-4F61-9E0B-C05F940C6636}.Debug|x64.ActiveCfg = Debug|Any CPU
		{E9487C4C-F0D4-4F61-9E0B-C05F940C6636}.Debug|x86.ActiveCfg = Debug|Any CPU
		{E9487C4C-F0D4-4F61-9E0B-C05F940C6636}.Debug|x86.Build.0 = Debug|Any CPU
		{E9487C4C-F0D4-4F61-9E0B-C05F940C6636}.Release|Any CPU.ActiveCfg = Release|Any CPU
		{E9487C4C-F0D4-4F61-9E0B-C05F940C6636}.Release|Any CPU.Build.0 = Release|Any CPU
		{E9487C4C-F0D4-4F61-9E0B-C05F940C6636}.Release|x64.ActiveCfg = Release|Any CPU
		{E9487C4C-F0D4-4F61-9E0B-C05F940C6636}.Release|x86.ActiveCfg = Release|Any CPU
		{E9487C4C-F0D4-4F61-9E0B-C05F940C6636}.Release|x86.Build.0 = Release|Any CPU
		{B3C9D415-A7E9-4884-A908-434B9404F696}.Debug|Any CPU.ActiveCfg = Debug|Any CPU
		{B3C9D415-A7E9-4884-A908-434B9404F696}.Debug|Any CPU.Build.0 = Debug|Any CPU
		{B3C9D415-A7E9-4884-A908-434B9404F696}.Debug|x64.ActiveCfg = Debug|Any CPU
		{B3C9D415-A7E9-4884-A908-434B9404F696}.Debug|x86.ActiveCfg = Debug|Any CPU
		{B3C9D415-A7E9-4884-A908-434B9404F696}.Debug|x86.Build.0 = Debug|Any CPU
		{B3C9D415-A7E9-4884-A908-434B9404F696}.Release|Any CPU.ActiveCfg = Release|Any CPU
		{B3C9D415-A7E9-4884-A908-434B9404F696}.Release|Any CPU.Build.0 = Release|Any CPU
		{B3C9D415-A7E9-4884-A908-434B9404F696}.Release|x64.ActiveCfg = Release|Any CPU
		{B3C9D415-A7E9-4884-A908-434B9404F696}.Release|x86.ActiveCfg = Release|Any CPU
		{B3C9D415-A7E9-4884-A908-434B9404F696}.Release|x86.Build.0 = Release|Any CPU
		{2077EE5A-7110-40DE-B9E5-3505C111AA4A}.Debug|Any CPU.ActiveCfg = Debug|Any CPU
		{2077EE5A-7110-40DE-B9E5-3505C111AA4A}.Debug|Any CPU.Build.0 = Debug|Any CPU
		{2077EE5A-7110-40DE-B9E5-3505C111AA4A}.Debug|x64.ActiveCfg = Debug|Any CPU
		{2077EE5A-7110-40DE-B9E5-3505C111AA4A}.Debug|x64.Build.0 = Debug|Any CPU
		{2077EE5A-7110-40DE-B9E5-3505C111AA4A}.Debug|x86.ActiveCfg = Debug|x86
		{2077EE5A-7110-40DE-B9E5-3505C111AA4A}.Debug|x86.Build.0 = Debug|x86
		{2077EE5A-7110-40DE-B9E5-3505C111AA4A}.Release|Any CPU.ActiveCfg = Release|Any CPU
		{2077EE5A-7110-40DE-B9E5-3505C111AA4A}.Release|Any CPU.Build.0 = Release|Any CPU
		{2077EE5A-7110-40DE-B9E5-3505C111AA4A}.Release|x64.ActiveCfg = Release|Any CPU
		{2077EE5A-7110-40DE-B9E5-3505C111AA4A}.Release|x64.Build.0 = Release|Any CPU
		{2077EE5A-7110-40DE-B9E5-3505C111AA4A}.Release|x86.ActiveCfg = Release|Any CPU
		{2077EE5A-7110-40DE-B9E5-3505C111AA4A}.Release|x86.Build.0 = Release|Any CPU
		{B92F774E-08D1-49C7-B032-B6EBEF0E577D}.Debug|Any CPU.ActiveCfg = Debug|Any CPU
		{B92F774E-08D1-49C7-B032-B6EBEF0E577D}.Debug|Any CPU.Build.0 = Debug|Any CPU
		{B92F774E-08D1-49C7-B032-B6EBEF0E577D}.Debug|x64.ActiveCfg = Debug|Any CPU
		{B92F774E-08D1-49C7-B032-B6EBEF0E577D}.Debug|x64.Build.0 = Debug|Any CPU
		{B92F774E-08D1-49C7-B032-B6EBEF0E577D}.Debug|x86.ActiveCfg = Debug|Any CPU
		{B92F774E-08D1-49C7-B032-B6EBEF0E577D}.Debug|x86.Build.0 = Debug|Any CPU
		{B92F774E-08D1-49C7-B032-B6EBEF0E577D}.Release|Any CPU.ActiveCfg = Release|Any CPU
		{B92F774E-08D1-49C7-B032-B6EBEF0E577D}.Release|Any CPU.Build.0 = Release|Any CPU
		{B92F774E-08D1-49C7-B032-B6EBEF0E577D}.Release|x64.ActiveCfg = Release|Any CPU
		{B92F774E-08D1-49C7-B032-B6EBEF0E577D}.Release|x64.Build.0 = Release|Any CPU
		{B92F774E-08D1-49C7-B032-B6EBEF0E577D}.Release|x86.ActiveCfg = Release|Any CPU
		{B92F774E-08D1-49C7-B032-B6EBEF0E577D}.Release|x86.Build.0 = Release|Any CPU
		{EB50C3C5-2371-45A2-8D9D-2489B3457018}.Debug|Any CPU.ActiveCfg = Debug|Any CPU
		{EB50C3C5-2371-45A2-8D9D-2489B3457018}.Debug|Any CPU.Build.0 = Debug|Any CPU
		{EB50C3C5-2371-45A2-8D9D-2489B3457018}.Debug|x64.ActiveCfg = Debug|Any CPU
		{EB50C3C5-2371-45A2-8D9D-2489B3457018}.Debug|x64.Build.0 = Debug|Any CPU
		{EB50C3C5-2371-45A2-8D9D-2489B3457018}.Debug|x86.ActiveCfg = Debug|Any CPU
		{EB50C3C5-2371-45A2-8D9D-2489B3457018}.Debug|x86.Build.0 = Debug|Any CPU
		{EB50C3C5-2371-45A2-8D9D-2489B3457018}.Release|Any CPU.ActiveCfg = Release|Any CPU
		{EB50C3C5-2371-45A2-8D9D-2489B3457018}.Release|Any CPU.Build.0 = Release|Any CPU
		{EB50C3C5-2371-45A2-8D9D-2489B3457018}.Release|x64.ActiveCfg = Release|Any CPU
		{EB50C3C5-2371-45A2-8D9D-2489B3457018}.Release|x64.Build.0 = Release|Any CPU
		{EB50C3C5-2371-45A2-8D9D-2489B3457018}.Release|x86.ActiveCfg = Release|Any CPU
		{EB50C3C5-2371-45A2-8D9D-2489B3457018}.Release|x86.Build.0 = Release|Any CPU
		{264A3216-740E-4E8B-98F2-31190547E986}.Debug|Any CPU.ActiveCfg = Debug|Any CPU
		{264A3216-740E-4E8B-98F2-31190547E986}.Debug|Any CPU.Build.0 = Debug|Any CPU
		{264A3216-740E-4E8B-98F2-31190547E986}.Debug|x64.ActiveCfg = Debug|Any CPU
		{264A3216-740E-4E8B-98F2-31190547E986}.Debug|x64.Build.0 = Debug|Any CPU
		{264A3216-740E-4E8B-98F2-31190547E986}.Debug|x86.ActiveCfg = Debug|Any CPU
		{264A3216-740E-4E8B-98F2-31190547E986}.Debug|x86.Build.0 = Debug|Any CPU
		{264A3216-740E-4E8B-98F2-31190547E986}.Release|Any CPU.ActiveCfg = Release|Any CPU
		{264A3216-740E-4E8B-98F2-31190547E986}.Release|Any CPU.Build.0 = Release|Any CPU
		{264A3216-740E-4E8B-98F2-31190547E986}.Release|x64.ActiveCfg = Release|Any CPU
		{264A3216-740E-4E8B-98F2-31190547E986}.Release|x64.Build.0 = Release|Any CPU
		{264A3216-740E-4E8B-98F2-31190547E986}.Release|x86.ActiveCfg = Release|Any CPU
		{264A3216-740E-4E8B-98F2-31190547E986}.Release|x86.Build.0 = Release|Any CPU
		{D73D436A-D6F4-4036-967F-1389C149F957}.Debug|Any CPU.ActiveCfg = Debug|Any CPU
		{D73D436A-D6F4-4036-967F-1389C149F957}.Debug|Any CPU.Build.0 = Debug|Any CPU
		{D73D436A-D6F4-4036-967F-1389C149F957}.Debug|x64.ActiveCfg = Debug|Any CPU
		{D73D436A-D6F4-4036-967F-1389C149F957}.Debug|x64.Build.0 = Debug|Any CPU
		{D73D436A-D6F4-4036-967F-1389C149F957}.Debug|x86.ActiveCfg = Debug|Any CPU
		{D73D436A-D6F4-4036-967F-1389C149F957}.Debug|x86.Build.0 = Debug|Any CPU
		{D73D436A-D6F4-4036-967F-1389C149F957}.Release|Any CPU.ActiveCfg = Release|Any CPU
		{D73D436A-D6F4-4036-967F-1389C149F957}.Release|Any CPU.Build.0 = Release|Any CPU
		{D73D436A-D6F4-4036-967F-1389C149F957}.Release|x64.ActiveCfg = Release|Any CPU
		{D73D436A-D6F4-4036-967F-1389C149F957}.Release|x64.Build.0 = Release|Any CPU
		{D73D436A-D6F4-4036-967F-1389C149F957}.Release|x86.ActiveCfg = Release|Any CPU
		{D73D436A-D6F4-4036-967F-1389C149F957}.Release|x86.Build.0 = Release|Any CPU
		{FAB53E89-6605-42F3-AB3D-FA39FF8C2B7F}.Debug|Any CPU.ActiveCfg = Debug|Any CPU
		{FAB53E89-6605-42F3-AB3D-FA39FF8C2B7F}.Debug|Any CPU.Build.0 = Debug|Any CPU
		{FAB53E89-6605-42F3-AB3D-FA39FF8C2B7F}.Debug|x64.ActiveCfg = Debug|Any CPU
		{FAB53E89-6605-42F3-AB3D-FA39FF8C2B7F}.Debug|x64.Build.0 = Debug|Any CPU
		{FAB53E89-6605-42F3-AB3D-FA39FF8C2B7F}.Debug|x86.ActiveCfg = Debug|Any CPU
		{FAB53E89-6605-42F3-AB3D-FA39FF8C2B7F}.Debug|x86.Build.0 = Debug|Any CPU
		{FAB53E89-6605-42F3-AB3D-FA39FF8C2B7F}.Release|Any CPU.ActiveCfg = Release|Any CPU
		{FAB53E89-6605-42F3-AB3D-FA39FF8C2B7F}.Release|Any CPU.Build.0 = Release|Any CPU
		{FAB53E89-6605-42F3-AB3D-FA39FF8C2B7F}.Release|x64.ActiveCfg = Release|Any CPU
		{FAB53E89-6605-42F3-AB3D-FA39FF8C2B7F}.Release|x64.Build.0 = Release|Any CPU
		{FAB53E89-6605-42F3-AB3D-FA39FF8C2B7F}.Release|x86.ActiveCfg = Release|Any CPU
		{FAB53E89-6605-42F3-AB3D-FA39FF8C2B7F}.Release|x86.Build.0 = Release|Any CPU
		{6697FCF0-E5C7-4E61-9AAD-45471D77D13C}.Debug|Any CPU.ActiveCfg = Debug|Any CPU
		{6697FCF0-E5C7-4E61-9AAD-45471D77D13C}.Debug|Any CPU.Build.0 = Debug|Any CPU
		{6697FCF0-E5C7-4E61-9AAD-45471D77D13C}.Debug|x64.ActiveCfg = Debug|Any CPU
		{6697FCF0-E5C7-4E61-9AAD-45471D77D13C}.Debug|x64.Build.0 = Debug|Any CPU
		{6697FCF0-E5C7-4E61-9AAD-45471D77D13C}.Debug|x86.ActiveCfg = Debug|Any CPU
		{6697FCF0-E5C7-4E61-9AAD-45471D77D13C}.Debug|x86.Build.0 = Debug|Any CPU
		{6697FCF0-E5C7-4E61-9AAD-45471D77D13C}.Release|Any CPU.ActiveCfg = Release|Any CPU
		{6697FCF0-E5C7-4E61-9AAD-45471D77D13C}.Release|Any CPU.Build.0 = Release|Any CPU
		{6697FCF0-E5C7-4E61-9AAD-45471D77D13C}.Release|x64.ActiveCfg = Release|Any CPU
		{6697FCF0-E5C7-4E61-9AAD-45471D77D13C}.Release|x64.Build.0 = Release|Any CPU
		{6697FCF0-E5C7-4E61-9AAD-45471D77D13C}.Release|x86.ActiveCfg = Release|Any CPU
		{6697FCF0-E5C7-4E61-9AAD-45471D77D13C}.Release|x86.Build.0 = Release|Any CPU
		{610EE41D-8FB6-4375-A917-1B9912C4C4AB}.Debug|Any CPU.ActiveCfg = Debug|Any CPU
		{610EE41D-8FB6-4375-A917-1B9912C4C4AB}.Debug|Any CPU.Build.0 = Debug|Any CPU
		{610EE41D-8FB6-4375-A917-1B9912C4C4AB}.Debug|x64.ActiveCfg = Debug|Any CPU
		{610EE41D-8FB6-4375-A917-1B9912C4C4AB}.Debug|x64.Build.0 = Debug|Any CPU
		{610EE41D-8FB6-4375-A917-1B9912C4C4AB}.Debug|x86.ActiveCfg = Debug|Any CPU
		{610EE41D-8FB6-4375-A917-1B9912C4C4AB}.Debug|x86.Build.0 = Debug|Any CPU
		{610EE41D-8FB6-4375-A917-1B9912C4C4AB}.Release|Any CPU.ActiveCfg = Release|Any CPU
		{610EE41D-8FB6-4375-A917-1B9912C4C4AB}.Release|Any CPU.Build.0 = Release|Any CPU
		{610EE41D-8FB6-4375-A917-1B9912C4C4AB}.Release|x64.ActiveCfg = Release|Any CPU
		{610EE41D-8FB6-4375-A917-1B9912C4C4AB}.Release|x64.Build.0 = Release|Any CPU
		{610EE41D-8FB6-4375-A917-1B9912C4C4AB}.Release|x86.ActiveCfg = Release|Any CPU
		{610EE41D-8FB6-4375-A917-1B9912C4C4AB}.Release|x86.Build.0 = Release|Any CPU
		{122F0B8A-0FF5-4F69-A9AB-B6D594BD22BB}.Debug|Any CPU.ActiveCfg = Debug|Any CPU
		{122F0B8A-0FF5-4F69-A9AB-B6D594BD22BB}.Debug|Any CPU.Build.0 = Debug|Any CPU
		{122F0B8A-0FF5-4F69-A9AB-B6D594BD22BB}.Debug|x64.ActiveCfg = Debug|Any CPU
		{122F0B8A-0FF5-4F69-A9AB-B6D594BD22BB}.Debug|x64.Build.0 = Debug|Any CPU
		{122F0B8A-0FF5-4F69-A9AB-B6D594BD22BB}.Debug|x86.ActiveCfg = Debug|Any CPU
		{122F0B8A-0FF5-4F69-A9AB-B6D594BD22BB}.Debug|x86.Build.0 = Debug|Any CPU
		{122F0B8A-0FF5-4F69-A9AB-B6D594BD22BB}.Release|Any CPU.ActiveCfg = Release|Any CPU
		{122F0B8A-0FF5-4F69-A9AB-B6D594BD22BB}.Release|Any CPU.Build.0 = Release|Any CPU
		{122F0B8A-0FF5-4F69-A9AB-B6D594BD22BB}.Release|x64.ActiveCfg = Release|Any CPU
		{122F0B8A-0FF5-4F69-A9AB-B6D594BD22BB}.Release|x64.Build.0 = Release|Any CPU
		{122F0B8A-0FF5-4F69-A9AB-B6D594BD22BB}.Release|x86.ActiveCfg = Release|Any CPU
		{122F0B8A-0FF5-4F69-A9AB-B6D594BD22BB}.Release|x86.Build.0 = Release|Any CPU
		{74A90C93-BE76-473A-9A16-0D29A68D7539}.Debug|Any CPU.ActiveCfg = Debug|Any CPU
		{74A90C93-BE76-473A-9A16-0D29A68D7539}.Debug|Any CPU.Build.0 = Debug|Any CPU
		{74A90C93-BE76-473A-9A16-0D29A68D7539}.Debug|x64.ActiveCfg = Debug|Any CPU
		{74A90C93-BE76-473A-9A16-0D29A68D7539}.Debug|x64.Build.0 = Debug|Any CPU
		{74A90C93-BE76-473A-9A16-0D29A68D7539}.Debug|x86.ActiveCfg = Debug|Any CPU
		{74A90C93-BE76-473A-9A16-0D29A68D7539}.Debug|x86.Build.0 = Debug|Any CPU
		{74A90C93-BE76-473A-9A16-0D29A68D7539}.Release|Any CPU.ActiveCfg = Release|Any CPU
		{74A90C93-BE76-473A-9A16-0D29A68D7539}.Release|Any CPU.Build.0 = Release|Any CPU
		{74A90C93-BE76-473A-9A16-0D29A68D7539}.Release|x64.ActiveCfg = Release|Any CPU
		{74A90C93-BE76-473A-9A16-0D29A68D7539}.Release|x64.Build.0 = Release|Any CPU
		{74A90C93-BE76-473A-9A16-0D29A68D7539}.Release|x86.ActiveCfg = Release|Any CPU
		{74A90C93-BE76-473A-9A16-0D29A68D7539}.Release|x86.Build.0 = Release|Any CPU
		{82E20618-28E0-46F7-AD62-BEC073ED1D4C}.Debug|Any CPU.ActiveCfg = Debug|Win32
		{82E20618-28E0-46F7-AD62-BEC073ED1D4C}.Debug|x64.ActiveCfg = Debug|x64
		{82E20618-28E0-46F7-AD62-BEC073ED1D4C}.Debug|x64.Build.0 = Debug|x64
		{82E20618-28E0-46F7-AD62-BEC073ED1D4C}.Debug|x86.ActiveCfg = Debug|Win32
		{82E20618-28E0-46F7-AD62-BEC073ED1D4C}.Debug|x86.Build.0 = Debug|Win32
		{82E20618-28E0-46F7-AD62-BEC073ED1D4C}.Release|Any CPU.ActiveCfg = Release|Win32
		{82E20618-28E0-46F7-AD62-BEC073ED1D4C}.Release|x64.ActiveCfg = Release|x64
		{82E20618-28E0-46F7-AD62-BEC073ED1D4C}.Release|x64.Build.0 = Release|x64
		{82E20618-28E0-46F7-AD62-BEC073ED1D4C}.Release|x86.ActiveCfg = Release|Win32
		{82E20618-28E0-46F7-AD62-BEC073ED1D4C}.Release|x86.Build.0 = Release|Win32
		{964BC71D-7615-4A8B-81A8-6CE91659244B}.Debug|Any CPU.ActiveCfg = Debug|Win32
		{964BC71D-7615-4A8B-81A8-6CE91659244B}.Debug|x64.ActiveCfg = Debug|x64
		{964BC71D-7615-4A8B-81A8-6CE91659244B}.Debug|x64.Build.0 = Debug|x64
		{964BC71D-7615-4A8B-81A8-6CE91659244B}.Debug|x86.ActiveCfg = Debug|Win32
		{964BC71D-7615-4A8B-81A8-6CE91659244B}.Debug|x86.Build.0 = Debug|Win32
		{964BC71D-7615-4A8B-81A8-6CE91659244B}.Release|Any CPU.ActiveCfg = Release|Win32
		{964BC71D-7615-4A8B-81A8-6CE91659244B}.Release|x64.ActiveCfg = Release|x64
		{964BC71D-7615-4A8B-81A8-6CE91659244B}.Release|x64.Build.0 = Release|x64
		{964BC71D-7615-4A8B-81A8-6CE91659244B}.Release|x86.ActiveCfg = Release|Win32
		{964BC71D-7615-4A8B-81A8-6CE91659244B}.Release|x86.Build.0 = Release|Win32
		{A11D2A87-9D28-4936-955F-BD5BDBB5D64F}.Debug|Any CPU.ActiveCfg = Debug|Any CPU
		{A11D2A87-9D28-4936-955F-BD5BDBB5D64F}.Debug|Any CPU.Build.0 = Debug|Any CPU
		{A11D2A87-9D28-4936-955F-BD5BDBB5D64F}.Debug|x64.ActiveCfg = Debug|Any CPU
		{A11D2A87-9D28-4936-955F-BD5BDBB5D64F}.Debug|x64.Build.0 = Debug|Any CPU
		{A11D2A87-9D28-4936-955F-BD5BDBB5D64F}.Debug|x86.ActiveCfg = Debug|Any CPU
		{A11D2A87-9D28-4936-955F-BD5BDBB5D64F}.Debug|x86.Build.0 = Debug|Any CPU
		{A11D2A87-9D28-4936-955F-BD5BDBB5D64F}.Release|Any CPU.ActiveCfg = Release|Any CPU
		{A11D2A87-9D28-4936-955F-BD5BDBB5D64F}.Release|Any CPU.Build.0 = Release|Any CPU
		{A11D2A87-9D28-4936-955F-BD5BDBB5D64F}.Release|x64.ActiveCfg = Release|Any CPU
		{A11D2A87-9D28-4936-955F-BD5BDBB5D64F}.Release|x64.Build.0 = Release|Any CPU
		{A11D2A87-9D28-4936-955F-BD5BDBB5D64F}.Release|x86.ActiveCfg = Release|Any CPU
		{A11D2A87-9D28-4936-955F-BD5BDBB5D64F}.Release|x86.Build.0 = Release|Any CPU
		{886A0538-9585-42C7-A72F-DA89E62A4EED}.Debug|Any CPU.ActiveCfg = Debug|Any CPU
		{886A0538-9585-42C7-A72F-DA89E62A4EED}.Debug|Any CPU.Build.0 = Debug|Any CPU
		{886A0538-9585-42C7-A72F-DA89E62A4EED}.Debug|x64.ActiveCfg = Debug|Any CPU
		{886A0538-9585-42C7-A72F-DA89E62A4EED}.Debug|x64.Build.0 = Debug|Any CPU
		{886A0538-9585-42C7-A72F-DA89E62A4EED}.Debug|x86.ActiveCfg = Debug|Any CPU
		{886A0538-9585-42C7-A72F-DA89E62A4EED}.Debug|x86.Build.0 = Debug|Any CPU
		{886A0538-9585-42C7-A72F-DA89E62A4EED}.Release|Any CPU.ActiveCfg = Release|Any CPU
		{886A0538-9585-42C7-A72F-DA89E62A4EED}.Release|Any CPU.Build.0 = Release|Any CPU
		{886A0538-9585-42C7-A72F-DA89E62A4EED}.Release|x64.ActiveCfg = Release|Any CPU
		{886A0538-9585-42C7-A72F-DA89E62A4EED}.Release|x64.Build.0 = Release|Any CPU
		{886A0538-9585-42C7-A72F-DA89E62A4EED}.Release|x86.ActiveCfg = Release|Any CPU
		{886A0538-9585-42C7-A72F-DA89E62A4EED}.Release|x86.Build.0 = Release|Any CPU
		{5401D4A2-C914-4742-8BE2-AF8F2A61FA59}.Debug|Any CPU.ActiveCfg = Debug|Any CPU
		{5401D4A2-C914-4742-8BE2-AF8F2A61FA59}.Debug|Any CPU.Build.0 = Debug|Any CPU
		{5401D4A2-C914-4742-8BE2-AF8F2A61FA59}.Debug|x64.ActiveCfg = Debug|Any CPU
		{5401D4A2-C914-4742-8BE2-AF8F2A61FA59}.Debug|x64.Build.0 = Debug|Any CPU
		{5401D4A2-C914-4742-8BE2-AF8F2A61FA59}.Debug|x86.ActiveCfg = Debug|Any CPU
		{5401D4A2-C914-4742-8BE2-AF8F2A61FA59}.Debug|x86.Build.0 = Debug|Any CPU
		{5401D4A2-C914-4742-8BE2-AF8F2A61FA59}.Release|Any CPU.ActiveCfg = Release|Any CPU
		{5401D4A2-C914-4742-8BE2-AF8F2A61FA59}.Release|Any CPU.Build.0 = Release|Any CPU
		{5401D4A2-C914-4742-8BE2-AF8F2A61FA59}.Release|x64.ActiveCfg = Release|Any CPU
		{5401D4A2-C914-4742-8BE2-AF8F2A61FA59}.Release|x64.Build.0 = Release|Any CPU
		{5401D4A2-C914-4742-8BE2-AF8F2A61FA59}.Release|x86.ActiveCfg = Release|Any CPU
		{5401D4A2-C914-4742-8BE2-AF8F2A61FA59}.Release|x86.Build.0 = Release|Any CPU
		{AE6D6F08-F853-4811-B58C-FB7E4B882BDD}.Debug|Any CPU.ActiveCfg = Debug|Any CPU
		{AE6D6F08-F853-4811-B58C-FB7E4B882BDD}.Debug|Any CPU.Build.0 = Debug|Any CPU
		{AE6D6F08-F853-4811-B58C-FB7E4B882BDD}.Debug|x64.ActiveCfg = Debug|Any CPU
		{AE6D6F08-F853-4811-B58C-FB7E4B882BDD}.Debug|x64.Build.0 = Debug|Any CPU
		{AE6D6F08-F853-4811-B58C-FB7E4B882BDD}.Debug|x86.ActiveCfg = Debug|Any CPU
		{AE6D6F08-F853-4811-B58C-FB7E4B882BDD}.Debug|x86.Build.0 = Debug|Any CPU
		{AE6D6F08-F853-4811-B58C-FB7E4B882BDD}.Release|Any CPU.ActiveCfg = Release|Any CPU
		{AE6D6F08-F853-4811-B58C-FB7E4B882BDD}.Release|Any CPU.Build.0 = Release|Any CPU
		{AE6D6F08-F853-4811-B58C-FB7E4B882BDD}.Release|x64.ActiveCfg = Release|Any CPU
		{AE6D6F08-F853-4811-B58C-FB7E4B882BDD}.Release|x64.Build.0 = Release|Any CPU
		{AE6D6F08-F853-4811-B58C-FB7E4B882BDD}.Release|x86.ActiveCfg = Release|Any CPU
		{AE6D6F08-F853-4811-B58C-FB7E4B882BDD}.Release|x86.Build.0 = Release|Any CPU
		{686BB2DF-CA42-45F7-B68F-992FB5F1ACFD}.Debug|Any CPU.ActiveCfg = Debug|Any CPU
		{686BB2DF-CA42-45F7-B68F-992FB5F1ACFD}.Debug|Any CPU.Build.0 = Debug|Any CPU
		{686BB2DF-CA42-45F7-B68F-992FB5F1ACFD}.Debug|x64.ActiveCfg = Debug|Any CPU
		{686BB2DF-CA42-45F7-B68F-992FB5F1ACFD}.Debug|x64.Build.0 = Debug|Any CPU
		{686BB2DF-CA42-45F7-B68F-992FB5F1ACFD}.Debug|x86.ActiveCfg = Debug|Any CPU
		{686BB2DF-CA42-45F7-B68F-992FB5F1ACFD}.Debug|x86.Build.0 = Debug|Any CPU
		{686BB2DF-CA42-45F7-B68F-992FB5F1ACFD}.Release|Any CPU.ActiveCfg = Release|Any CPU
		{686BB2DF-CA42-45F7-B68F-992FB5F1ACFD}.Release|Any CPU.Build.0 = Release|Any CPU
		{686BB2DF-CA42-45F7-B68F-992FB5F1ACFD}.Release|x64.ActiveCfg = Release|Any CPU
		{686BB2DF-CA42-45F7-B68F-992FB5F1ACFD}.Release|x64.Build.0 = Release|Any CPU
		{686BB2DF-CA42-45F7-B68F-992FB5F1ACFD}.Release|x86.ActiveCfg = Release|Any CPU
		{686BB2DF-CA42-45F7-B68F-992FB5F1ACFD}.Release|x86.Build.0 = Release|Any CPU
	EndGlobalSection
	GlobalSection(SolutionProperties) = preSolution
		HideSolutionNode = FALSE
	EndGlobalSection
	GlobalSection(NestedProjects) = preSolution
		{D73D436A-D6F4-4036-967F-1389C149F957} = {53995F50-D04E-4522-B1E6-6A204E647631}
		{FAB53E89-6605-42F3-AB3D-FA39FF8C2B7F} = {53995F50-D04E-4522-B1E6-6A204E647631}
		{6697FCF0-E5C7-4E61-9AAD-45471D77D13C} = {E4F3E6D7-B74F-40D2-80F9-D42F277ECA7E}
		{610EE41D-8FB6-4375-A917-1B9912C4C4AB} = {E4F3E6D7-B74F-40D2-80F9-D42F277ECA7E}
		{122F0B8A-0FF5-4F69-A9AB-B6D594BD22BB} = {E4F3E6D7-B74F-40D2-80F9-D42F277ECA7E}
		{74A90C93-BE76-473A-9A16-0D29A68D7539} = {E4F3E6D7-B74F-40D2-80F9-D42F277ECA7E}
		{A11D2A87-9D28-4936-955F-BD5BDBB5D64F} = {53995F50-D04E-4522-B1E6-6A204E647631}
		{886A0538-9585-42C7-A72F-DA89E62A4EED} = {291F2477-7465-4F57-B818-420249BDA713}
	EndGlobalSection
	GlobalSection(ExtensibilityGlobals) = postSolution
		SolutionGuid = {9E72ED4E-E39F-4F53-9BAB-36C2FEA783F1}
	EndGlobalSection
EndGlobal
